
Microsoft Visual Studio Solution File, Format Version 12.00
# Visual Studio Version 17
VisualStudioVersion = 17.0.31912.275
MinimumVisualStudioVersion = 10.0.40219.1
Project("{FAE04EC0-301F-11D3-BF4B-00C04F79EFBC}") = "Prueba1", "Prueba1\Prueba1.csproj", "{06FEFE07-7596-438C-9976-01E011EEE13C}"
EndProject
Global
	GlobalSection(SolutionConfigurationPlatforms) = preSolution
		Debug|Any CPU = Debug|Any CPU
		Release|Any CPU = Release|Any CPU
	EndGlobalSection
	GlobalSection(ProjectConfigurationPlatforms) = postSolution
		{06FEFE07-7596-438C-9976-01E011EEE13C}.Debug|Any CPU.ActiveCfg = Debug|Any CPU
		{06FEFE07-7596-438C-9976-01E011EEE13C}.Debug|Any CPU.Build.0 = Debug|Any CPU
		{06FEFE07-7596-438C-9976-01E011EEE13C}.Release|Any CPU.ActiveCfg = Release|Any CPU
		{06FEFE07-7596-438C-9976-01E011EEE13C}.Release|Any CPU.Build.0 = Release|Any CPU
	EndGlobalSection
	GlobalSection(SolutionProperties) = preSolution
		HideSolutionNode = FALSE
	EndGlobalSection
	GlobalSection(ExtensibilityGlobals) = postSolution
		SolutionGuid = {C518C8C6-69E0-40A9-B467-D9A4BAC49BBA}
	EndGlobalSection
EndGlobal
